// !$*UTF8*$!
{
	archiveVersion = 1;
	classes = {
	};
	objectVersion = 50;
	objects = {

/* Begin PBXBuildFile section */
		610F1A0030D7B99EA41BBE7B /* Pods_Gasoline.framework in Frameworks */ = {isa = PBXBuildFile; fileRef = 864A4C980FDCD5A98160E514 /* Pods_Gasoline.framework */; };
		A7024EA6220B3EFD00A425DC /* MachineLearning.swift in Sources */ = {isa = PBXBuildFile; fileRef = A7024EA5220B3EFD00A425DC /* MachineLearning.swift */; };
		A71CD833220E080D007D2887 /* Bikini.mlmodel in Sources */ = {isa = PBXBuildFile; fileRef = A71CD832220E080D007D2887 /* Bikini.mlmodel */; };
		A71FFCAB20C84EDC007BFECD /* Onboarding.storyboard in Resources */ = {isa = PBXBuildFile; fileRef = A71FFCAA20C84EDC007BFECD /* Onboarding.storyboard */; };
		A71FFCAD20C84EFB007BFECD /* OnboardingViewController.swift in Sources */ = {isa = PBXBuildFile; fileRef = A71FFCAC20C84EFB007BFECD /* OnboardingViewController.swift */; };
		A71FFCAF20C84F50007BFECD /* OnboardingViewModel.swift in Sources */ = {isa = PBXBuildFile; fileRef = A71FFCAE20C84F50007BFECD /* OnboardingViewModel.swift */; };
		A71FFCB520C84FDD007BFECD /* TemplateData.swift in Sources */ = {isa = PBXBuildFile; fileRef = A71FFCB120C84FDD007BFECD /* TemplateData.swift */; };
		A71FFCB620C84FDD007BFECD /* TemplateDataViewController.swift in Sources */ = {isa = PBXBuildFile; fileRef = A71FFCB220C84FDD007BFECD /* TemplateDataViewController.swift */; };
		A71FFCB720C84FDD007BFECD /* TemplateViewController.xib in Resources */ = {isa = PBXBuildFile; fileRef = A71FFCB320C84FDD007BFECD /* TemplateViewController.xib */; };
		A71FFCB820C84FDD007BFECD /* TemplateViewController.swift in Sources */ = {isa = PBXBuildFile; fileRef = A71FFCB420C84FDD007BFECD /* TemplateViewController.swift */; };
		A737345C2213034100DE27CB /* GASTinderManager+Lists.swift in Sources */ = {isa = PBXBuildFile; fileRef = A737345B2213034100DE27CB /* GASTinderManager+Lists.swift */; };
		A7373462221330DA00DE27CB /* SimpleTinderViewModel.swift in Sources */ = {isa = PBXBuildFile; fileRef = A7373461221330DA00DE27CB /* SimpleTinderViewModel.swift */; };
		A73734642213379C00DE27CB /* DetailTinderViewModel.swift in Sources */ = {isa = PBXBuildFile; fileRef = A73734632213379C00DE27CB /* DetailTinderViewModel.swift */; };
		A7373468221353EA00DE27CB /* PhotoViewModel.swift in Sources */ = {isa = PBXBuildFile; fileRef = A7373467221353EA00DE27CB /* PhotoViewModel.swift */; };
		A737346A22136D3C00DE27CB /* String+Social.swift in Sources */ = {isa = PBXBuildFile; fileRef = A737346922136D3C00DE27CB /* String+Social.swift */; };
		A75B464420C9E802002C2B6C /* GasolineTests.swift in Sources */ = {isa = PBXBuildFile; fileRef = A75B464320C9E802002C2B6C /* GasolineTests.swift */; };
		A7C5F62822125FC8004759AA /* AlamofireEndPoint.swift in Sources */ = {isa = PBXBuildFile; fileRef = A7C5F62722125FC8004759AA /* AlamofireEndPoint.swift */; };
		A7C5F62A2212608E004759AA /* AlamoFireJSONClient.swift in Sources */ = {isa = PBXBuildFile; fileRef = A7C5F6292212608E004759AA /* AlamoFireJSONClient.swift */; };
		A7C5F62C2212612F004759AA /* NetworkError.swift in Sources */ = {isa = PBXBuildFile; fileRef = A7C5F62B2212612F004759AA /* NetworkError.swift */; };
		A7C5F62E221261BC004759AA /* HandlerJSONProtocol.swift in Sources */ = {isa = PBXBuildFile; fileRef = A7C5F62D221261BC004759AA /* HandlerJSONProtocol.swift */; };
		A7C5F630221262F8004759AA /* TinderEndPoint.swift in Sources */ = {isa = PBXBuildFile; fileRef = A7C5F62F221262F8004759AA /* TinderEndPoint.swift */; };
		A7C5F632221264C5004759AA /* TinderJSONClient.swift in Sources */ = {isa = PBXBuildFile; fileRef = A7C5F631221264C5004759AA /* TinderJSONClient.swift */; };
		A7C5F63422127A8A004759AA /* Logger.swift in Sources */ = {isa = PBXBuildFile; fileRef = A7C5F63322127A8A004759AA /* Logger.swift */; };
		A7C5F63622127B35004759AA /* AlamofireLogger.swift in Sources */ = {isa = PBXBuildFile; fileRef = A7C5F63522127B35004759AA /* AlamofireLogger.swift */; };
		A7D7009D20CB2A6400942A46 /* SettingsTableViewController.swift in Sources */ = {isa = PBXBuildFile; fileRef = A7D7009C20CB2A6400942A46 /* SettingsTableViewController.swift */; };
		A7DED7ED20C9A69700C3D664 /* Filter.storyboard in Resources */ = {isa = PBXBuildFile; fileRef = A7DED7EC20C9A69700C3D664 /* Filter.storyboard */; };
		A7DED7F120C9A70C00C3D664 /* FilterTableViewController.swift in Sources */ = {isa = PBXBuildFile; fileRef = A7DED7F020C9A70C00C3D664 /* FilterTableViewController.swift */; };
		A7E7B4B320C7A6A400C15035 /* UIFontExtensions.swift in Sources */ = {isa = PBXBuildFile; fileRef = A7E7B4B220C7A6A400C15035 /* UIFontExtensions.swift */; };
		A7EEF202220CE18E00B0681B /* UIImage+Coreml.swift in Sources */ = {isa = PBXBuildFile; fileRef = A7EEF201220CE18E00B0681B /* UIImage+Coreml.swift */; };
		A7F10D0520C7593200687F6F /* CollectionViewModel.swift in Sources */ = {isa = PBXBuildFile; fileRef = A7F10CD720C7593200687F6F /* CollectionViewModel.swift */; };
		A7F10D0820C7593200687F6F /* GASLayoutKit.swift in Sources */ = {isa = PBXBuildFile; fileRef = A7F10CDB20C7593200687F6F /* GASLayoutKit.swift */; };
		A7F10D0920C7593200687F6F /* MTPNotFound.swift in Sources */ = {isa = PBXBuildFile; fileRef = A7F10CDC20C7593200687F6F /* MTPNotFound.swift */; };
		A7F10D0B20C7593200687F6F /* PersistenceManager.swift in Sources */ = {isa = PBXBuildFile; fileRef = A7F10CDF20C7593200687F6F /* PersistenceManager.swift */; };
		A7F10D0C20C7593200687F6F /* AuthManager.swift in Sources */ = {isa = PBXBuildFile; fileRef = A7F10CE020C7593200687F6F /* AuthManager.swift */; };
		A7F10D0E20C7593200687F6F /* Localized.swift in Sources */ = {isa = PBXBuildFile; fileRef = A7F10CE420C7593200687F6F /* Localized.swift */; };
		A7F10D0F20C7593200687F6F /* GASPhotosManager.swift in Sources */ = {isa = PBXBuildFile; fileRef = A7F10CE620C7593200687F6F /* GASPhotosManager.swift */; };
		A7F10D1020C7593200687F6F /* GASPhoto.swift in Sources */ = {isa = PBXBuildFile; fileRef = A7F10CE720C7593200687F6F /* GASPhoto.swift */; };
		A7F10D1420C7593200687F6F /* GASTinder.swift in Sources */ = {isa = PBXBuildFile; fileRef = A7F10CEB20C7593200687F6F /* GASTinder.swift */; };
		A7F10D1520C7593200687F6F /* GASTinderManager.swift in Sources */ = {isa = PBXBuildFile; fileRef = A7F10CEC20C7593200687F6F /* GASTinderManager.swift */; };
		A7F10D1620C7593200687F6F /* MTPUser.swift in Sources */ = {isa = PBXBuildFile; fileRef = A7F10CED20C7593200687F6F /* MTPUser.swift */; };
		A7F10D1820C7593200687F6F /* UIViewController+Visible.swift in Sources */ = {isa = PBXBuildFile; fileRef = A7F10CF020C7593200687F6F /* UIViewController+Visible.swift */; };
		A7F10D1920C7593200687F6F /* UIViewController+Utils.swift in Sources */ = {isa = PBXBuildFile; fileRef = A7F10CF120C7593200687F6F /* UIViewController+Utils.swift */; };
		A7F10D1A20C7593200687F6F /* ImageDecoder.swift in Sources */ = {isa = PBXBuildFile; fileRef = A7F10CF320C7593200687F6F /* ImageDecoder.swift */; };
		A7F10D1B20C7593200687F6F /* AttributedTextNode.swift in Sources */ = {isa = PBXBuildFile; fileRef = A7F10CF420C7593200687F6F /* AttributedTextNode.swift */; };
		A7F10D1C20C7593200687F6F /* Definitions.swift in Sources */ = {isa = PBXBuildFile; fileRef = A7F10CF520C7593200687F6F /* Definitions.swift */; };
		A7F10D1D20C7593200687F6F /* DecodeOperation.swift in Sources */ = {isa = PBXBuildFile; fileRef = A7F10CF620C7593200687F6F /* DecodeOperation.swift */; };
		A7F10D1E20C7593200687F6F /* ImageRequest.swift in Sources */ = {isa = PBXBuildFile; fileRef = A7F10CF720C7593200687F6F /* ImageRequest.swift */; };
		A7F10D2020C7593200687F6F /* CellNode.swift in Sources */ = {isa = PBXBuildFile; fileRef = A7F10CFB20C7593200687F6F /* CellNode.swift */; };
		A7F10D2120C7593200687F6F /* PhotoCollectionViewCell.swift in Sources */ = {isa = PBXBuildFile; fileRef = A7F10CFC20C7593200687F6F /* PhotoCollectionViewCell.swift */; };
		A7F10D2320C7593200687F6F /* GASViewController.swift in Sources */ = {isa = PBXBuildFile; fileRef = A7F10CFF20C7593200687F6F /* GASViewController.swift */; };
		A7F10D2420C7593200687F6F /* MTPTheAppViewController.swift in Sources */ = {isa = PBXBuildFile; fileRef = A7F10D0020C7593200687F6F /* MTPTheAppViewController.swift */; };
		A7F10D2520C7593200687F6F /* TinderViewController.swift in Sources */ = {isa = PBXBuildFile; fileRef = A7F10D0120C7593200687F6F /* TinderViewController.swift */; };
		A7F10D2620C7593200687F6F /* GASTabBarController.swift in Sources */ = {isa = PBXBuildFile; fileRef = A7F10D0220C7593200687F6F /* GASTabBarController.swift */; };
		A7F10D2720C7593200687F6F /* CollectionViewController.swift in Sources */ = {isa = PBXBuildFile; fileRef = A7F10D0320C7593200687F6F /* CollectionViewController.swift */; };
		A7F10D4C20C75DE100687F6F /* Assets.xcassets in Resources */ = {isa = PBXBuildFile; fileRef = A7F10D2920C75DE100687F6F /* Assets.xcassets */; };
		A7F10D4E20C75DE100687F6F /* GoogleService-Info.plist in Resources */ = {isa = PBXBuildFile; fileRef = A7F10D3A20C75DE100687F6F /* GoogleService-Info.plist */; };
		A7F10D4F20C75DE100687F6F /* AppDelegate.swift in Sources */ = {isa = PBXBuildFile; fileRef = A7F10D3B20C75DE100687F6F /* AppDelegate.swift */; };
		A7F10D5320C75DE100687F6F /* LaunchScreen.storyboard in Resources */ = {isa = PBXBuildFile; fileRef = A7F10D4120C75DE100687F6F /* LaunchScreen.storyboard */; };
		A7F10D5520C75DE100687F6F /* Settings.storyboard in Resources */ = {isa = PBXBuildFile; fileRef = A7F10D4520C75DE100687F6F /* Settings.storyboard */; };
		A7F10D5720C75DE100687F6F /* TinderProfile.storyboard in Resources */ = {isa = PBXBuildFile; fileRef = A7F10D4820C75DE100687F6F /* TinderProfile.storyboard */; };
		A7F10D5820C75DE100687F6F /* Tinder.storyboard in Resources */ = {isa = PBXBuildFile; fileRef = A7F10D4920C75DE100687F6F /* Tinder.storyboard */; };
		A7F10D5920C75DE100687F6F /* MTPNotFound.xib in Resources */ = {isa = PBXBuildFile; fileRef = A7F10D4B20C75DE100687F6F /* MTPNotFound.xib */; };
/* End PBXBuildFile section */

/* Begin PBXContainerItemProxy section */
		A75B464620C9E802002C2B6C /* PBXContainerItemProxy */ = {
			isa = PBXContainerItemProxy;
			containerPortal = A75D85FE20C756DF0086FF4A /* Project object */;
			proxyType = 1;
			remoteGlobalIDString = A75D860520C756DF0086FF4A;
			remoteInfo = Gasoline;
		};
/* End PBXContainerItemProxy section */

/* Begin PBXFileReference section */
		34DEB3C803EF939C5596589F /* Pods-Gasoline.release.xcconfig */ = {isa = PBXFileReference; includeInIndex = 1; lastKnownFileType = text.xcconfig; name = "Pods-Gasoline.release.xcconfig"; path = "Pods/Target Support Files/Pods-Gasoline/Pods-Gasoline.release.xcconfig"; sourceTree = "<group>"; };
		864A4C980FDCD5A98160E514 /* Pods_Gasoline.framework */ = {isa = PBXFileReference; explicitFileType = wrapper.framework; includeInIndex = 0; path = Pods_Gasoline.framework; sourceTree = BUILT_PRODUCTS_DIR; };
		A7024EA5220B3EFD00A425DC /* MachineLearning.swift */ = {isa = PBXFileReference; lastKnownFileType = sourcecode.swift; path = MachineLearning.swift; sourceTree = "<group>"; };
		A71CD832220E080D007D2887 /* Bikini.mlmodel */ = {isa = PBXFileReference; lastKnownFileType = file.mlmodel; path = Bikini.mlmodel; sourceTree = "<group>"; };
		A71FFCAA20C84EDC007BFECD /* Onboarding.storyboard */ = {isa = PBXFileReference; fileEncoding = 4; lastKnownFileType = file.storyboard; path = Onboarding.storyboard; sourceTree = "<group>"; };
		A71FFCAC20C84EFB007BFECD /* OnboardingViewController.swift */ = {isa = PBXFileReference; fileEncoding = 4; lastKnownFileType = sourcecode.swift; path = OnboardingViewController.swift; sourceTree = "<group>"; };
		A71FFCAE20C84F50007BFECD /* OnboardingViewModel.swift */ = {isa = PBXFileReference; fileEncoding = 4; lastKnownFileType = sourcecode.swift; path = OnboardingViewModel.swift; sourceTree = "<group>"; };
		A71FFCB120C84FDD007BFECD /* TemplateData.swift */ = {isa = PBXFileReference; fileEncoding = 4; lastKnownFileType = sourcecode.swift; path = TemplateData.swift; sourceTree = "<group>"; };
		A71FFCB220C84FDD007BFECD /* TemplateDataViewController.swift */ = {isa = PBXFileReference; fileEncoding = 4; lastKnownFileType = sourcecode.swift; path = TemplateDataViewController.swift; sourceTree = "<group>"; };
		A71FFCB320C84FDD007BFECD /* TemplateViewController.xib */ = {isa = PBXFileReference; fileEncoding = 4; lastKnownFileType = file.xib; path = TemplateViewController.xib; sourceTree = "<group>"; };
		A71FFCB420C84FDD007BFECD /* TemplateViewController.swift */ = {isa = PBXFileReference; fileEncoding = 4; lastKnownFileType = sourcecode.swift; path = TemplateViewController.swift; sourceTree = "<group>"; };
		A737345B2213034100DE27CB /* GASTinderManager+Lists.swift */ = {isa = PBXFileReference; lastKnownFileType = sourcecode.swift; path = "GASTinderManager+Lists.swift"; sourceTree = "<group>"; };
		A7373461221330DA00DE27CB /* SimpleTinderViewModel.swift */ = {isa = PBXFileReference; lastKnownFileType = sourcecode.swift; path = SimpleTinderViewModel.swift; sourceTree = "<group>"; };
		A73734632213379C00DE27CB /* DetailTinderViewModel.swift */ = {isa = PBXFileReference; lastKnownFileType = sourcecode.swift; path = DetailTinderViewModel.swift; sourceTree = "<group>"; };
		A7373467221353EA00DE27CB /* PhotoViewModel.swift */ = {isa = PBXFileReference; lastKnownFileType = sourcecode.swift; path = PhotoViewModel.swift; sourceTree = "<group>"; };
		A737346922136D3C00DE27CB /* String+Social.swift */ = {isa = PBXFileReference; lastKnownFileType = sourcecode.swift; path = "String+Social.swift"; sourceTree = "<group>"; };
		A75B464120C9E802002C2B6C /* GasolineTests.xctest */ = {isa = PBXFileReference; explicitFileType = wrapper.cfbundle; includeInIndex = 0; path = GasolineTests.xctest; sourceTree = BUILT_PRODUCTS_DIR; };
		A75B464320C9E802002C2B6C /* GasolineTests.swift */ = {isa = PBXFileReference; lastKnownFileType = sourcecode.swift; path = GasolineTests.swift; sourceTree = "<group>"; };
		A75B464520C9E802002C2B6C /* Info.plist */ = {isa = PBXFileReference; lastKnownFileType = text.plist.xml; path = Info.plist; sourceTree = "<group>"; };
		A75D860620C756DF0086FF4A /* Gasoline.app */ = {isa = PBXFileReference; explicitFileType = wrapper.application; includeInIndex = 0; path = Gasoline.app; sourceTree = BUILT_PRODUCTS_DIR; };
		A75D861520C756E00086FF4A /* Info.plist */ = {isa = PBXFileReference; lastKnownFileType = text.plist.xml; path = Info.plist; sourceTree = "<group>"; };
		A7C5F62722125FC8004759AA /* AlamofireEndPoint.swift */ = {isa = PBXFileReference; lastKnownFileType = sourcecode.swift; path = AlamofireEndPoint.swift; sourceTree = "<group>"; };
		A7C5F6292212608E004759AA /* AlamoFireJSONClient.swift */ = {isa = PBXFileReference; lastKnownFileType = sourcecode.swift; path = AlamoFireJSONClient.swift; sourceTree = "<group>"; };
		A7C5F62B2212612F004759AA /* NetworkError.swift */ = {isa = PBXFileReference; lastKnownFileType = sourcecode.swift; path = NetworkError.swift; sourceTree = "<group>"; };
		A7C5F62D221261BC004759AA /* HandlerJSONProtocol.swift */ = {isa = PBXFileReference; lastKnownFileType = sourcecode.swift; path = HandlerJSONProtocol.swift; sourceTree = "<group>"; };
		A7C5F62F221262F8004759AA /* TinderEndPoint.swift */ = {isa = PBXFileReference; lastKnownFileType = sourcecode.swift; path = TinderEndPoint.swift; sourceTree = "<group>"; };
		A7C5F631221264C5004759AA /* TinderJSONClient.swift */ = {isa = PBXFileReference; lastKnownFileType = sourcecode.swift; path = TinderJSONClient.swift; sourceTree = "<group>"; };
		A7C5F63322127A8A004759AA /* Logger.swift */ = {isa = PBXFileReference; lastKnownFileType = sourcecode.swift; path = Logger.swift; sourceTree = "<group>"; };
		A7C5F63522127B35004759AA /* AlamofireLogger.swift */ = {isa = PBXFileReference; lastKnownFileType = sourcecode.swift; path = AlamofireLogger.swift; sourceTree = "<group>"; };
		A7D7009C20CB2A6400942A46 /* SettingsTableViewController.swift */ = {isa = PBXFileReference; fileEncoding = 4; lastKnownFileType = sourcecode.swift; path = SettingsTableViewController.swift; sourceTree = "<group>"; };
		A7DED7EC20C9A69700C3D664 /* Filter.storyboard */ = {isa = PBXFileReference; lastKnownFileType = file.storyboard; path = Filter.storyboard; sourceTree = "<group>"; };
		A7DED7F020C9A70C00C3D664 /* FilterTableViewController.swift */ = {isa = PBXFileReference; lastKnownFileType = sourcecode.swift; path = FilterTableViewController.swift; sourceTree = "<group>"; };
		A7E7B4B220C7A6A400C15035 /* UIFontExtensions.swift */ = {isa = PBXFileReference; lastKnownFileType = sourcecode.swift; path = UIFontExtensions.swift; sourceTree = "<group>"; };
		A7EEF201220CE18E00B0681B /* UIImage+Coreml.swift */ = {isa = PBXFileReference; lastKnownFileType = sourcecode.swift; path = "UIImage+Coreml.swift"; sourceTree = "<group>"; };
		A7F10CD720C7593200687F6F /* CollectionViewModel.swift */ = {isa = PBXFileReference; fileEncoding = 4; lastKnownFileType = sourcecode.swift; path = CollectionViewModel.swift; sourceTree = "<group>"; };
		A7F10CDB20C7593200687F6F /* GASLayoutKit.swift */ = {isa = PBXFileReference; fileEncoding = 4; lastKnownFileType = sourcecode.swift; path = GASLayoutKit.swift; sourceTree = "<group>"; };
		A7F10CDC20C7593200687F6F /* MTPNotFound.swift */ = {isa = PBXFileReference; fileEncoding = 4; lastKnownFileType = sourcecode.swift; path = MTPNotFound.swift; sourceTree = "<group>"; };
		A7F10CDF20C7593200687F6F /* PersistenceManager.swift */ = {isa = PBXFileReference; fileEncoding = 4; lastKnownFileType = sourcecode.swift; path = PersistenceManager.swift; sourceTree = "<group>"; };
		A7F10CE020C7593200687F6F /* AuthManager.swift */ = {isa = PBXFileReference; fileEncoding = 4; lastKnownFileType = sourcecode.swift; path = AuthManager.swift; sourceTree = "<group>"; };
		A7F10CE220C7593200687F6F /* Network.swift */ = {isa = PBXFileReference; fileEncoding = 4; lastKnownFileType = sourcecode.swift; path = Network.swift; sourceTree = "<group>"; };
		A7F10CE420C7593200687F6F /* Localized.swift */ = {isa = PBXFileReference; fileEncoding = 4; lastKnownFileType = sourcecode.swift; path = Localized.swift; sourceTree = "<group>"; };
		A7F10CE620C7593200687F6F /* GASPhotosManager.swift */ = {isa = PBXFileReference; fileEncoding = 4; lastKnownFileType = sourcecode.swift; path = GASPhotosManager.swift; sourceTree = "<group>"; };
		A7F10CE720C7593200687F6F /* GASPhoto.swift */ = {isa = PBXFileReference; fileEncoding = 4; lastKnownFileType = sourcecode.swift; path = GASPhoto.swift; sourceTree = "<group>"; };
		A7F10CEB20C7593200687F6F /* GASTinder.swift */ = {isa = PBXFileReference; fileEncoding = 4; lastKnownFileType = sourcecode.swift; path = GASTinder.swift; sourceTree = "<group>"; };
		A7F10CEC20C7593200687F6F /* GASTinderManager.swift */ = {isa = PBXFileReference; fileEncoding = 4; lastKnownFileType = sourcecode.swift; path = GASTinderManager.swift; sourceTree = "<group>"; };
		A7F10CED20C7593200687F6F /* MTPUser.swift */ = {isa = PBXFileReference; fileEncoding = 4; lastKnownFileType = sourcecode.swift; path = MTPUser.swift; sourceTree = "<group>"; };
		A7F10CF020C7593200687F6F /* UIViewController+Visible.swift */ = {isa = PBXFileReference; fileEncoding = 4; lastKnownFileType = sourcecode.swift; path = "UIViewController+Visible.swift"; sourceTree = "<group>"; };
		A7F10CF120C7593200687F6F /* UIViewController+Utils.swift */ = {isa = PBXFileReference; fileEncoding = 4; lastKnownFileType = sourcecode.swift; path = "UIViewController+Utils.swift"; sourceTree = "<group>"; };
		A7F10CF320C7593200687F6F /* ImageDecoder.swift */ = {isa = PBXFileReference; fileEncoding = 4; lastKnownFileType = sourcecode.swift; path = ImageDecoder.swift; sourceTree = "<group>"; };
		A7F10CF420C7593200687F6F /* AttributedTextNode.swift */ = {isa = PBXFileReference; fileEncoding = 4; lastKnownFileType = sourcecode.swift; path = AttributedTextNode.swift; sourceTree = "<group>"; };
		A7F10CF520C7593200687F6F /* Definitions.swift */ = {isa = PBXFileReference; fileEncoding = 4; lastKnownFileType = sourcecode.swift; path = Definitions.swift; sourceTree = "<group>"; };
		A7F10CF620C7593200687F6F /* DecodeOperation.swift */ = {isa = PBXFileReference; fileEncoding = 4; lastKnownFileType = sourcecode.swift; path = DecodeOperation.swift; sourceTree = "<group>"; };
		A7F10CF720C7593200687F6F /* ImageRequest.swift */ = {isa = PBXFileReference; fileEncoding = 4; lastKnownFileType = sourcecode.swift; path = ImageRequest.swift; sourceTree = "<group>"; };
		A7F10CFB20C7593200687F6F /* CellNode.swift */ = {isa = PBXFileReference; fileEncoding = 4; lastKnownFileType = sourcecode.swift; path = CellNode.swift; sourceTree = "<group>"; };
		A7F10CFC20C7593200687F6F /* PhotoCollectionViewCell.swift */ = {isa = PBXFileReference; fileEncoding = 4; lastKnownFileType = sourcecode.swift; path = PhotoCollectionViewCell.swift; sourceTree = "<group>"; };
		A7F10CFF20C7593200687F6F /* GASViewController.swift */ = {isa = PBXFileReference; fileEncoding = 4; lastKnownFileType = sourcecode.swift; path = GASViewController.swift; sourceTree = "<group>"; };
		A7F10D0020C7593200687F6F /* MTPTheAppViewController.swift */ = {isa = PBXFileReference; fileEncoding = 4; lastKnownFileType = sourcecode.swift; path = MTPTheAppViewController.swift; sourceTree = "<group>"; };
		A7F10D0120C7593200687F6F /* TinderViewController.swift */ = {isa = PBXFileReference; fileEncoding = 4; lastKnownFileType = sourcecode.swift; path = TinderViewController.swift; sourceTree = "<group>"; };
		A7F10D0220C7593200687F6F /* GASTabBarController.swift */ = {isa = PBXFileReference; fileEncoding = 4; lastKnownFileType = sourcecode.swift; path = GASTabBarController.swift; sourceTree = "<group>"; };
		A7F10D0320C7593200687F6F /* CollectionViewController.swift */ = {isa = PBXFileReference; fileEncoding = 4; lastKnownFileType = sourcecode.swift; path = CollectionViewController.swift; sourceTree = "<group>"; };
		A7F10D2920C75DE100687F6F /* Assets.xcassets */ = {isa = PBXFileReference; lastKnownFileType = folder.assetcatalog; path = Assets.xcassets; sourceTree = "<group>"; };
		A7F10D3A20C75DE100687F6F /* GoogleService-Info.plist */ = {isa = PBXFileReference; fileEncoding = 4; lastKnownFileType = text.plist.xml; path = "GoogleService-Info.plist"; sourceTree = "<group>"; };
		A7F10D3B20C75DE100687F6F /* AppDelegate.swift */ = {isa = PBXFileReference; fileEncoding = 4; lastKnownFileType = sourcecode.swift; path = AppDelegate.swift; sourceTree = "<group>"; };
		A7F10D4220C75DE100687F6F /* Base */ = {isa = PBXFileReference; lastKnownFileType = file.storyboard; name = Base; path = Base.lproj/LaunchScreen.storyboard; sourceTree = "<group>"; };
		A7F10D4620C75DE100687F6F /* Base */ = {isa = PBXFileReference; lastKnownFileType = file.storyboard; name = Base; path = Base.lproj/Settings.storyboard; sourceTree = "<group>"; };
		A7F10D4820C75DE100687F6F /* TinderProfile.storyboard */ = {isa = PBXFileReference; fileEncoding = 4; lastKnownFileType = file.storyboard; path = TinderProfile.storyboard; sourceTree = "<group>"; };
		A7F10D4920C75DE100687F6F /* Tinder.storyboard */ = {isa = PBXFileReference; fileEncoding = 4; lastKnownFileType = file.storyboard; path = Tinder.storyboard; sourceTree = "<group>"; };
		A7F10D4B20C75DE100687F6F /* MTPNotFound.xib */ = {isa = PBXFileReference; fileEncoding = 4; lastKnownFileType = file.xib; path = MTPNotFound.xib; sourceTree = "<group>"; };
		AB12B7E2D9EFA92EBE9A46EA /* Pods-Gasoline.debug.xcconfig */ = {isa = PBXFileReference; includeInIndex = 1; lastKnownFileType = text.xcconfig; name = "Pods-Gasoline.debug.xcconfig"; path = "Pods/Target Support Files/Pods-Gasoline/Pods-Gasoline.debug.xcconfig"; sourceTree = "<group>"; };
/* End PBXFileReference section */

/* Begin PBXFrameworksBuildPhase section */
		A75B463E20C9E802002C2B6C /* Frameworks */ = {
			isa = PBXFrameworksBuildPhase;
			buildActionMask = 2147483647;
			files = (
			);
			runOnlyForDeploymentPostprocessing = 0;
		};
		A75D860320C756DF0086FF4A /* Frameworks */ = {
			isa = PBXFrameworksBuildPhase;
			buildActionMask = 2147483647;
			files = (
				610F1A0030D7B99EA41BBE7B /* Pods_Gasoline.framework in Frameworks */,
			);
			runOnlyForDeploymentPostprocessing = 0;
		};
/* End PBXFrameworksBuildPhase section */

/* Begin PBXGroup section */
		034D4A165FE29A7B57F9205C /* Frameworks */ = {
			isa = PBXGroup;
			children = (
				864A4C980FDCD5A98160E514 /* Pods_Gasoline.framework */,
			);
			name = Frameworks;
			sourceTree = "<group>";
		};
		5C2D237DDDC4289D2794C180 /* Pods */ = {
			isa = PBXGroup;
			children = (
				AB12B7E2D9EFA92EBE9A46EA /* Pods-Gasoline.debug.xcconfig */,
				34DEB3C803EF939C5596589F /* Pods-Gasoline.release.xcconfig */,
			);
			name = Pods;
			sourceTree = "<group>";
		};
		A71FFCA920C84E81007BFECD /* Modules */ = {
			isa = PBXGroup;
			children = (
				A7A0BDA220CC8C2E00230F1E /* Profile */,
				A7D7009B20CB2A3A00942A46 /* Settings */,
				A7DED7EB20C9A68300C3D664 /* Filter */,
				A7DED7EA20C9A67A00C3D664 /* Onboarding */,
				A7024EA5220B3EFD00A425DC /* MachineLearning.swift */,
			);
			path = Modules;
			sourceTree = "<group>";
		};
		A71FFCB020C84FDD007BFECD /* TemplateViewController */ = {
			isa = PBXGroup;
			children = (
				A71FFCB120C84FDD007BFECD /* TemplateData.swift */,
				A71FFCB220C84FDD007BFECD /* TemplateDataViewController.swift */,
				A71FFCB320C84FDD007BFECD /* TemplateViewController.xib */,
				A71FFCB420C84FDD007BFECD /* TemplateViewController.swift */,
			);
			path = TemplateViewController;
			sourceTree = "<group>";
		};
		A75B464220C9E802002C2B6C /* GasolineTests */ = {
			isa = PBXGroup;
			children = (
				A75B464320C9E802002C2B6C /* GasolineTests.swift */,
				A75B464520C9E802002C2B6C /* Info.plist */,
			);
			path = GasolineTests;
			sourceTree = "<group>";
		};
		A75D85FD20C756DF0086FF4A = {
			isa = PBXGroup;
			children = (
				A75D860820C756DF0086FF4A /* Gasoline */,
				A75B464220C9E802002C2B6C /* GasolineTests */,
				A75D860720C756DF0086FF4A /* Products */,
				5C2D237DDDC4289D2794C180 /* Pods */,
				034D4A165FE29A7B57F9205C /* Frameworks */,
			);
			sourceTree = "<group>";
		};
		A75D860720C756DF0086FF4A /* Products */ = {
			isa = PBXGroup;
			children = (
				A75D860620C756DF0086FF4A /* Gasoline.app */,
				A75B464120C9E802002C2B6C /* GasolineTests.xctest */,
			);
			name = Products;
			sourceTree = "<group>";
		};
		A75D860820C756DF0086FF4A /* Gasoline */ = {
			isa = PBXGroup;
			children = (
				A7F10D2820C75DE100687F6F /* Resources */,
				A7F10CD420C7593200687F6F /* Sources */,
			);
			path = Gasoline;
			sourceTree = "<group>";
		};
		A7A0BDA220CC8C2E00230F1E /* Profile */ = {
			isa = PBXGroup;
			children = (
				A7F10D4920C75DE100687F6F /* Tinder.storyboard */,
				A7F10D0120C7593200687F6F /* TinderViewController.swift */,
			);
			path = Profile;
			sourceTree = "<group>";
		};
		A7D7009B20CB2A3A00942A46 /* Settings */ = {
			isa = PBXGroup;
			children = (
				A7D7009C20CB2A6400942A46 /* SettingsTableViewController.swift */,
				A7F10D4520C75DE100687F6F /* Settings.storyboard */,
			);
			path = Settings;
			sourceTree = "<group>";
		};
		A7DED7EA20C9A67A00C3D664 /* Onboarding */ = {
			isa = PBXGroup;
			children = (
				A71FFCAA20C84EDC007BFECD /* Onboarding.storyboard */,
				A71FFCAC20C84EFB007BFECD /* OnboardingViewController.swift */,
				A71FFCAE20C84F50007BFECD /* OnboardingViewModel.swift */,
			);
			path = Onboarding;
			sourceTree = "<group>";
		};
		A7DED7EB20C9A68300C3D664 /* Filter */ = {
			isa = PBXGroup;
			children = (
				A7DED7EC20C9A69700C3D664 /* Filter.storyboard */,
				A7DED7F020C9A70C00C3D664 /* FilterTableViewController.swift */,
			);
			path = Filter;
			sourceTree = "<group>";
		};
		A7F10CD420C7593200687F6F /* Sources */ = {
			isa = PBXGroup;
			children = (
				A71FFCB020C84FDD007BFECD /* TemplateViewController */,
				A71FFCA920C84E81007BFECD /* Modules */,
				A7F10CD520C7593200687F6F /* ViewModels */,
				A7F10CD820C7593200687F6F /* Classes */,
				A7F10CDD20C7593200687F6F /* Managers */,
				A7F10CE120C7593200687F6F /* Network */,
				A7F10CE320C7593200687F6F /* Language */,
				A7F10CE520C7593200687F6F /* Models */,
				A7F10CEE20C7593200687F6F /* Extensions */,
				A7F10CF220C7593200687F6F /* Utilities */,
				A7F10CF820C7593200687F6F /* Persentations */,
			);
			path = Sources;
			sourceTree = "<group>";
		};
		A7F10CD520C7593200687F6F /* ViewModels */ = {
			isa = PBXGroup;
			children = (
				A7F10CD720C7593200687F6F /* CollectionViewModel.swift */,
			);
			path = ViewModels;
			sourceTree = "<group>";
		};
		A7F10CD820C7593200687F6F /* Classes */ = {
			isa = PBXGroup;
			children = (
				A7F10CDB20C7593200687F6F /* GASLayoutKit.swift */,
				A7F10CDC20C7593200687F6F /* MTPNotFound.swift */,
			);
			path = Classes;
			sourceTree = "<group>";
		};
		A7F10CDD20C7593200687F6F /* Managers */ = {
			isa = PBXGroup;
			children = (
				A7F10CDF20C7593200687F6F /* PersistenceManager.swift */,
				A7F10CE020C7593200687F6F /* AuthManager.swift */,
			);
			path = Managers;
			sourceTree = "<group>";
		};
		A7F10CE120C7593200687F6F /* Network */ = {
			isa = PBXGroup;
			children = (
				A7F10CE220C7593200687F6F /* Network.swift */,
				A7C5F63522127B35004759AA /* AlamofireLogger.swift */,
				A7C5F62722125FC8004759AA /* AlamofireEndPoint.swift */,
				A7C5F6292212608E004759AA /* AlamoFireJSONClient.swift */,
				A7C5F62B2212612F004759AA /* NetworkError.swift */,
				A7C5F62D221261BC004759AA /* HandlerJSONProtocol.swift */,
				A7C5F62F221262F8004759AA /* TinderEndPoint.swift */,
				A7C5F631221264C5004759AA /* TinderJSONClient.swift */,
			);
			path = Network;
			sourceTree = "<group>";
		};
		A7F10CE320C7593200687F6F /* Language */ = {
			isa = PBXGroup;
			children = (
				A7F10CE420C7593200687F6F /* Localized.swift */,
			);
			path = Language;
			sourceTree = "<group>";
		};
		A7F10CE520C7593200687F6F /* Models */ = {
			isa = PBXGroup;
			children = (
				A7F10CE620C7593200687F6F /* GASPhotosManager.swift */,
				A7F10CE720C7593200687F6F /* GASPhoto.swift */,
				A7F10CEB20C7593200687F6F /* GASTinder.swift */,
				A7F10CEC20C7593200687F6F /* GASTinderManager.swift */,
				A737345B2213034100DE27CB /* GASTinderManager+Lists.swift */,
				A7F10CED20C7593200687F6F /* MTPUser.swift */,
			);
			path = Models;
			sourceTree = "<group>";
		};
		A7F10CEE20C7593200687F6F /* Extensions */ = {
			isa = PBXGroup;
			children = (
				A7F10CF020C7593200687F6F /* UIViewController+Visible.swift */,
				A7F10CF120C7593200687F6F /* UIViewController+Utils.swift */,
				A7E7B4B220C7A6A400C15035 /* UIFontExtensions.swift */,
				A7EEF201220CE18E00B0681B /* UIImage+Coreml.swift */,
				A737346922136D3C00DE27CB /* String+Social.swift */,
			);
			path = Extensions;
			sourceTree = "<group>";
		};
		A7F10CF220C7593200687F6F /* Utilities */ = {
			isa = PBXGroup;
			children = (
				A7F10CF320C7593200687F6F /* ImageDecoder.swift */,
				A7F10CF420C7593200687F6F /* AttributedTextNode.swift */,
				A7F10CF520C7593200687F6F /* Definitions.swift */,
				A7F10CF620C7593200687F6F /* DecodeOperation.swift */,
				A7F10CF720C7593200687F6F /* ImageRequest.swift */,
				A7C5F63322127A8A004759AA /* Logger.swift */,
			);
			path = Utilities;
			sourceTree = "<group>";
		};
		A7F10CF820C7593200687F6F /* Persentations */ = {
			isa = PBXGroup;
			children = (
				A7F10CF920C7593200687F6F /* Cells */,
				A7F10CFD20C7593200687F6F /* ViewControllers */,
			);
			path = Persentations;
			sourceTree = "<group>";
		};
		A7F10CF920C7593200687F6F /* Cells */ = {
			isa = PBXGroup;
			children = (
				A7F10CFB20C7593200687F6F /* CellNode.swift */,
				A7F10CFC20C7593200687F6F /* PhotoCollectionViewCell.swift */,
				A7373461221330DA00DE27CB /* SimpleTinderViewModel.swift */,
				A73734632213379C00DE27CB /* DetailTinderViewModel.swift */,
				A7373467221353EA00DE27CB /* PhotoViewModel.swift */,
			);
			path = Cells;
			sourceTree = "<group>";
		};
		A7F10CFD20C7593200687F6F /* ViewControllers */ = {
			isa = PBXGroup;
			children = (
				A7F10CFF20C7593200687F6F /* GASViewController.swift */,
				A7F10D0020C7593200687F6F /* MTPTheAppViewController.swift */,
				A7F10D0220C7593200687F6F /* GASTabBarController.swift */,
				A7F10D0320C7593200687F6F /* CollectionViewController.swift */,
			);
			path = ViewControllers;
			sourceTree = "<group>";
		};
		A7F10D2820C75DE100687F6F /* Resources */ = {
			isa = PBXGroup;
			children = (
				A71CD832220E080D007D2887 /* Bikini.mlmodel */,
				A7F10D2920C75DE100687F6F /* Assets.xcassets */,
				A7F10D3920C75DE100687F6F /* Supporting Files */,
				A7F10D3D20C75DE100687F6F /* Presentation */,
			);
			path = Resources;
			sourceTree = "<group>";
		};
		A7F10D3920C75DE100687F6F /* Supporting Files */ = {
			isa = PBXGroup;
			children = (
				A75D861520C756E00086FF4A /* Info.plist */,
				A7F10D3A20C75DE100687F6F /* GoogleService-Info.plist */,
				A7F10D3B20C75DE100687F6F /* AppDelegate.swift */,
			);
			path = "Supporting Files";
			sourceTree = "<group>";
		};
		A7F10D3D20C75DE100687F6F /* Presentation */ = {
			isa = PBXGroup;
			children = (
				A7F10D4120C75DE100687F6F /* LaunchScreen.storyboard */,
				A7F10D4820C75DE100687F6F /* TinderProfile.storyboard */,
				A7F10D4A20C75DE100687F6F /* Views */,
			);
			path = Presentation;
			sourceTree = "<group>";
		};
		A7F10D4A20C75DE100687F6F /* Views */ = {
			isa = PBXGroup;
			children = (
				A7F10D4B20C75DE100687F6F /* MTPNotFound.xib */,
			);
			path = Views;
			sourceTree = "<group>";
		};
/* End PBXGroup section */

/* Begin PBXNativeTarget section */
		A75B464020C9E802002C2B6C /* GasolineTests */ = {
			isa = PBXNativeTarget;
			buildConfigurationList = A75B464820C9E802002C2B6C /* Build configuration list for PBXNativeTarget "GasolineTests" */;
			buildPhases = (
				A75B463D20C9E802002C2B6C /* Sources */,
				A75B463E20C9E802002C2B6C /* Frameworks */,
				A75B463F20C9E802002C2B6C /* Resources */,
			);
			buildRules = (
			);
			dependencies = (
				A75B464720C9E802002C2B6C /* PBXTargetDependency */,
			);
			name = GasolineTests;
			productName = GasolineTests;
			productReference = A75B464120C9E802002C2B6C /* GasolineTests.xctest */;
			productType = "com.apple.product-type.bundle.unit-test";
		};
		A75D860520C756DF0086FF4A /* Gasoline */ = {
			isa = PBXNativeTarget;
			buildConfigurationList = A75D861820C756E00086FF4A /* Build configuration list for PBXNativeTarget "Gasoline" */;
			buildPhases = (
				99B7E6C587597C88B7F824DF /* [CP] Check Pods Manifest.lock */,
				A75D860220C756DF0086FF4A /* Sources */,
				A75D860320C756DF0086FF4A /* Frameworks */,
				A75D860420C756DF0086FF4A /* Resources */,
				74D00BAF618CB69C76818CE3 /* [CP] Embed Pods Frameworks */,
				A7A0BDA120CC7FDA00230F1E /* Fabric run */,
				A71256B322107FF3008C2E50 /* Upload dSYM */,
				A737345E2213294E00DE27CB /* Unused code */,
			);
			buildRules = (
			);
			dependencies = (
			);
			name = Gasoline;
			productName = Gasoline;
			productReference = A75D860620C756DF0086FF4A /* Gasoline.app */;
			productType = "com.apple.product-type.application";
		};
/* End PBXNativeTarget section */

/* Begin PBXProject section */
		A75D85FE20C756DF0086FF4A /* Project object */ = {
			isa = PBXProject;
			attributes = {
				LastSwiftUpdateCheck = 0940;
				LastUpgradeCheck = 0930;
				ORGANIZATIONNAME = "Wagner Sales";
				TargetAttributes = {
					A75B464020C9E802002C2B6C = {
						CreatedOnToolsVersion = 9.4;
						TestTargetID = A75D860520C756DF0086FF4A;
					};
					A75D860520C756DF0086FF4A = {
						CreatedOnToolsVersion = 9.3;
					};
				};
			};
			buildConfigurationList = A75D860120C756DF0086FF4A /* Build configuration list for PBXProject "Gasoline" */;
			compatibilityVersion = "Xcode 9.3";
			developmentRegion = en;
			hasScannedForEncodings = 0;
			knownRegions = (
				en,
				Base,
			);
			mainGroup = A75D85FD20C756DF0086FF4A;
			productRefGroup = A75D860720C756DF0086FF4A /* Products */;
			projectDirPath = "";
			projectRoot = "";
			targets = (
				A75D860520C756DF0086FF4A /* Gasoline */,
				A75B464020C9E802002C2B6C /* GasolineTests */,
			);
		};
/* End PBXProject section */

/* Begin PBXResourcesBuildPhase section */
		A75B463F20C9E802002C2B6C /* Resources */ = {
			isa = PBXResourcesBuildPhase;
			buildActionMask = 2147483647;
			files = (
			);
			runOnlyForDeploymentPostprocessing = 0;
		};
		A75D860420C756DF0086FF4A /* Resources */ = {
			isa = PBXResourcesBuildPhase;
			buildActionMask = 2147483647;
			files = (
				A7F10D5920C75DE100687F6F /* MTPNotFound.xib in Resources */,
				A7F10D5320C75DE100687F6F /* LaunchScreen.storyboard in Resources */,
				A7DED7ED20C9A69700C3D664 /* Filter.storyboard in Resources */,
				A7F10D5720C75DE100687F6F /* TinderProfile.storyboard in Resources */,
				A7F10D5520C75DE100687F6F /* Settings.storyboard in Resources */,
				A71FFCB720C84FDD007BFECD /* TemplateViewController.xib in Resources */,
				A71FFCAB20C84EDC007BFECD /* Onboarding.storyboard in Resources */,
				A7F10D5820C75DE100687F6F /* Tinder.storyboard in Resources */,
				A7F10D4E20C75DE100687F6F /* GoogleService-Info.plist in Resources */,
				A7F10D4C20C75DE100687F6F /* Assets.xcassets in Resources */,
			);
			runOnlyForDeploymentPostprocessing = 0;
		};
/* End PBXResourcesBuildPhase section */

/* Begin PBXShellScriptBuildPhase section */
		74D00BAF618CB69C76818CE3 /* [CP] Embed Pods Frameworks */ = {
			isa = PBXShellScriptBuildPhase;
			buildActionMask = 2147483647;
			files = (
			);
			inputPaths = (
				"${PODS_ROOT}/Target Support Files/Pods-Gasoline/Pods-Gasoline-frameworks.sh",
				"${BUILT_PRODUCTS_DIR}/Alamofire/Alamofire.framework",
				"${BUILT_PRODUCTS_DIR}/AlamofireImage/AlamofireImage.framework",
				"${BUILT_PRODUCTS_DIR}/Bolts/Bolts.framework",
				"${BUILT_PRODUCTS_DIR}/EAIntroView/EAIntroView.framework",
				"${BUILT_PRODUCTS_DIR}/EARestrictedScrollView/EARestrictedScrollView.framework",
				"${BUILT_PRODUCTS_DIR}/FBSDKCoreKit/FBSDKCoreKit.framework",
				"${BUILT_PRODUCTS_DIR}/FBSDKLoginKit/FBSDKLoginKit.framework",
				"${BUILT_PRODUCTS_DIR}/GTMSessionFetcher/GTMSessionFetcher.framework",
				"${BUILT_PRODUCTS_DIR}/GoogleToolboxForMac/GoogleToolboxForMac.framework",
				"${BUILT_PRODUCTS_DIR}/GoogleUtilities/GoogleUtilities.framework",
				"${BUILT_PRODUCTS_DIR}/PINCache/PINCache.framework",
				"${BUILT_PRODUCTS_DIR}/PINOperation/PINOperation.framework",
				"${BUILT_PRODUCTS_DIR}/PINRemoteImage/PINRemoteImage.framework",
				"${BUILT_PRODUCTS_DIR}/Protobuf/Protobuf.framework",
				"${BUILT_PRODUCTS_DIR}/Realm/Realm.framework",
				"${BUILT_PRODUCTS_DIR}/RealmSwift/RealmSwift.framework",
				"${BUILT_PRODUCTS_DIR}/SCLAlertView/SCLAlertView.framework",
				"${BUILT_PRODUCTS_DIR}/SwiftyJSON/SwiftyJSON.framework",
				"${BUILT_PRODUCTS_DIR}/Texture/AsyncDisplayKit.framework",
				"${BUILT_PRODUCTS_DIR}/WASKit/WASKit.framework",
				"${BUILT_PRODUCTS_DIR}/nanopb/nanopb.framework",
			);
			name = "[CP] Embed Pods Frameworks";
			outputPaths = (
				"${TARGET_BUILD_DIR}/${FRAMEWORKS_FOLDER_PATH}/Alamofire.framework",
				"${TARGET_BUILD_DIR}/${FRAMEWORKS_FOLDER_PATH}/AlamofireImage.framework",
				"${TARGET_BUILD_DIR}/${FRAMEWORKS_FOLDER_PATH}/Bolts.framework",
				"${TARGET_BUILD_DIR}/${FRAMEWORKS_FOLDER_PATH}/EAIntroView.framework",
				"${TARGET_BUILD_DIR}/${FRAMEWORKS_FOLDER_PATH}/EARestrictedScrollView.framework",
				"${TARGET_BUILD_DIR}/${FRAMEWORKS_FOLDER_PATH}/FBSDKCoreKit.framework",
				"${TARGET_BUILD_DIR}/${FRAMEWORKS_FOLDER_PATH}/FBSDKLoginKit.framework",
				"${TARGET_BUILD_DIR}/${FRAMEWORKS_FOLDER_PATH}/GTMSessionFetcher.framework",
				"${TARGET_BUILD_DIR}/${FRAMEWORKS_FOLDER_PATH}/GoogleToolboxForMac.framework",
				"${TARGET_BUILD_DIR}/${FRAMEWORKS_FOLDER_PATH}/GoogleUtilities.framework",
				"${TARGET_BUILD_DIR}/${FRAMEWORKS_FOLDER_PATH}/PINCache.framework",
				"${TARGET_BUILD_DIR}/${FRAMEWORKS_FOLDER_PATH}/PINOperation.framework",
				"${TARGET_BUILD_DIR}/${FRAMEWORKS_FOLDER_PATH}/PINRemoteImage.framework",
				"${TARGET_BUILD_DIR}/${FRAMEWORKS_FOLDER_PATH}/Protobuf.framework",
				"${TARGET_BUILD_DIR}/${FRAMEWORKS_FOLDER_PATH}/Realm.framework",
				"${TARGET_BUILD_DIR}/${FRAMEWORKS_FOLDER_PATH}/RealmSwift.framework",
				"${TARGET_BUILD_DIR}/${FRAMEWORKS_FOLDER_PATH}/SCLAlertView.framework",
				"${TARGET_BUILD_DIR}/${FRAMEWORKS_FOLDER_PATH}/SwiftyJSON.framework",
				"${TARGET_BUILD_DIR}/${FRAMEWORKS_FOLDER_PATH}/AsyncDisplayKit.framework",
				"${TARGET_BUILD_DIR}/${FRAMEWORKS_FOLDER_PATH}/WASKit.framework",
				"${TARGET_BUILD_DIR}/${FRAMEWORKS_FOLDER_PATH}/nanopb.framework",
			);
			runOnlyForDeploymentPostprocessing = 0;
			shellPath = /bin/sh;
			shellScript = "\"${PODS_ROOT}/Target Support Files/Pods-Gasoline/Pods-Gasoline-frameworks.sh\"\n";
			showEnvVarsInLog = 0;
		};
		99B7E6C587597C88B7F824DF /* [CP] Check Pods Manifest.lock */ = {
			isa = PBXShellScriptBuildPhase;
			buildActionMask = 2147483647;
			files = (
			);
			inputPaths = (
				"${PODS_PODFILE_DIR_PATH}/Podfile.lock",
				"${PODS_ROOT}/Manifest.lock",
			);
			name = "[CP] Check Pods Manifest.lock";
			outputPaths = (
				"$(DERIVED_FILE_DIR)/Pods-Gasoline-checkManifestLockResult.txt",
			);
			runOnlyForDeploymentPostprocessing = 0;
			shellPath = /bin/sh;
			shellScript = "diff \"${PODS_PODFILE_DIR_PATH}/Podfile.lock\" \"${PODS_ROOT}/Manifest.lock\" > /dev/null\nif [ $? != 0 ] ; then\n    # print error to STDERR\n    echo \"error: The sandbox is not in sync with the Podfile.lock. Run 'pod install' or update your CocoaPods installation.\" >&2\n    exit 1\nfi\n# This output is used by Xcode 'outputs' to avoid re-running this script phase.\necho \"SUCCESS\" > \"${SCRIPT_OUTPUT_FILE_0}\"\n";
			showEnvVarsInLog = 0;
		};
		A71256B322107FF3008C2E50 /* Upload dSYM */ = {
			isa = PBXShellScriptBuildPhase;
			buildActionMask = 2147483647;
			files = (
			);
			inputFileListPaths = (
			);
			inputPaths = (
			);
			name = "Upload dSYM";
			outputFileListPaths = (
			);
			outputPaths = (
			);
			runOnlyForDeploymentPostprocessing = 0;
			shellPath = /bin/sh;
			shellScript = "find dSYM_directory -name \"*.dSYM\" | xargs -I \\{\\} $PODS_ROOT/Fabric/upload-symbols -gsp /path/to/GoogleService-Info.plist -p platform \\{\\}\n";
		};
		A737345E2213294E00DE27CB /* Unused code */ = {
			isa = PBXShellScriptBuildPhase;
			buildActionMask = 2147483647;
			files = (
			);
			inputFileListPaths = (
			);
			inputPaths = (
			);
			name = "Unused code";
			outputFileListPaths = (
			);
			outputPaths = (
			);
			runOnlyForDeploymentPostprocessing = 0;
			shellPath = /bin/sh;
			shellScript = "file=\"unused.rb\"\nif [ -f \"$file\" ]\nthen\necho \"$file found.\"\nruby unused.rb xcode\nelse\necho \"unused.rb doesn't exist\"\nfi\n";
		};
		A7A0BDA120CC7FDA00230F1E /* Fabric run */ = {
			isa = PBXShellScriptBuildPhase;
			buildActionMask = 2147483647;
			files = (
			);
			inputPaths = (
				"$(BUILT_PRODUCTS_DIR)/$(INFOPLIST_PATH)",
			);
			name = "Fabric run";
			outputPaths = (
			);
			runOnlyForDeploymentPostprocessing = 0;
			shellPath = /bin/sh;
			shellScript = "\"${PODS_ROOT}/Fabric/run\" 35c584d2f0b0844b79d9863503c2f673467d1bc2 d727cb901cfba515679b8c764a261435680ba3c489e9a5af6231f125029c0e3d\n";
		};
/* End PBXShellScriptBuildPhase section */

/* Begin PBXSourcesBuildPhase section */
		A75B463D20C9E802002C2B6C /* Sources */ = {
			isa = PBXSourcesBuildPhase;
			buildActionMask = 2147483647;
			files = (
				A75B464420C9E802002C2B6C /* GasolineTests.swift in Sources */,
			);
			runOnlyForDeploymentPostprocessing = 0;
		};
		A75D860220C756DF0086FF4A /* Sources */ = {
			isa = PBXSourcesBuildPhase;
			buildActionMask = 2147483647;
			files = (
				A7F10D0520C7593200687F6F /* CollectionViewModel.swift in Sources */,
				A7C5F62A2212608E004759AA /* AlamoFireJSONClient.swift in Sources */,
				A7F10D1C20C7593200687F6F /* Definitions.swift in Sources */,
				A7E7B4B320C7A6A400C15035 /* UIFontExtensions.swift in Sources */,
				A7F10D0B20C7593200687F6F /* PersistenceManager.swift in Sources */,
				A7F10D1A20C7593200687F6F /* ImageDecoder.swift in Sources */,
				A7F10D0F20C7593200687F6F /* GASPhotosManager.swift in Sources */,
				A71FFCB820C84FDD007BFECD /* TemplateViewController.swift in Sources */,
				A7F10D4F20C75DE100687F6F /* AppDelegate.swift in Sources */,
				A7F10D0920C7593200687F6F /* MTPNotFound.swift in Sources */,
				A737345C2213034100DE27CB /* GASTinderManager+Lists.swift in Sources */,
				A737346A22136D3C00DE27CB /* String+Social.swift in Sources */,
				A7F10D1820C7593200687F6F /* UIViewController+Visible.swift in Sources */,
				A7F10D1E20C7593200687F6F /* ImageRequest.swift in Sources */,
				A7F10D1920C7593200687F6F /* UIViewController+Utils.swift in Sources */,
				A7F10D2720C7593200687F6F /* CollectionViewController.swift in Sources */,
				A7F10D1420C7593200687F6F /* GASTinder.swift in Sources */,
				A7F10D1B20C7593200687F6F /* AttributedTextNode.swift in Sources */,
				A71FFCB520C84FDD007BFECD /* TemplateData.swift in Sources */,
				A71FFCB620C84FDD007BFECD /* TemplateDataViewController.swift in Sources */,
				A7EEF202220CE18E00B0681B /* UIImage+Coreml.swift in Sources */,
				A7373462221330DA00DE27CB /* SimpleTinderViewModel.swift in Sources */,
				A71FFCAF20C84F50007BFECD /* OnboardingViewModel.swift in Sources */,
				A7C5F63422127A8A004759AA /* Logger.swift in Sources */,
				A7F10D1020C7593200687F6F /* GASPhoto.swift in Sources */,
				A7C5F62822125FC8004759AA /* AlamofireEndPoint.swift in Sources */,
				A73734642213379C00DE27CB /* DetailTinderViewModel.swift in Sources */,
				A7C5F62E221261BC004759AA /* HandlerJSONProtocol.swift in Sources */,
				A7DED7F120C9A70C00C3D664 /* FilterTableViewController.swift in Sources */,
				A7024EA6220B3EFD00A425DC /* MachineLearning.swift in Sources */,
				A7F10D2320C7593200687F6F /* GASViewController.swift in Sources */,
				A71CD833220E080D007D2887 /* Bikini.mlmodel in Sources */,
				A7F10D1620C7593200687F6F /* MTPUser.swift in Sources */,
				A7C5F630221262F8004759AA /* TinderEndPoint.swift in Sources */,
				A7373468221353EA00DE27CB /* PhotoViewModel.swift in Sources */,
				A7F10D2420C7593200687F6F /* MTPTheAppViewController.swift in Sources */,
				A7F10D2020C7593200687F6F /* CellNode.swift in Sources */,
				A7F10D2520C7593200687F6F /* TinderViewController.swift in Sources */,
				A71FFCAD20C84EFB007BFECD /* OnboardingViewController.swift in Sources */,
				A7C5F63622127B35004759AA /* AlamofireLogger.swift in Sources */,
				A7F10D0C20C7593200687F6F /* AuthManager.swift in Sources */,
				A7F10D0820C7593200687F6F /* GASLayoutKit.swift in Sources */,
				A7F10D2120C7593200687F6F /* PhotoCollectionViewCell.swift in Sources */,
				A7F10D0E20C7593200687F6F /* Localized.swift in Sources */,
				A7D7009D20CB2A6400942A46 /* SettingsTableViewController.swift in Sources */,
				A7C5F632221264C5004759AA /* TinderJSONClient.swift in Sources */,
				A7F10D2620C7593200687F6F /* GASTabBarController.swift in Sources */,
				A7C5F62C2212612F004759AA /* NetworkError.swift in Sources */,
				A7F10D1520C7593200687F6F /* GASTinderManager.swift in Sources */,
				A7F10D1D20C7593200687F6F /* DecodeOperation.swift in Sources */,
			);
			runOnlyForDeploymentPostprocessing = 0;
		};
/* End PBXSourcesBuildPhase section */

/* Begin PBXTargetDependency section */
		A75B464720C9E802002C2B6C /* PBXTargetDependency */ = {
			isa = PBXTargetDependency;
			target = A75D860520C756DF0086FF4A /* Gasoline */;
			targetProxy = A75B464620C9E802002C2B6C /* PBXContainerItemProxy */;
		};
/* End PBXTargetDependency section */

/* Begin PBXVariantGroup section */
		A7F10D4120C75DE100687F6F /* LaunchScreen.storyboard */ = {
			isa = PBXVariantGroup;
			children = (
				A7F10D4220C75DE100687F6F /* Base */,
			);
			name = LaunchScreen.storyboard;
			sourceTree = "<group>";
		};
		A7F10D4520C75DE100687F6F /* Settings.storyboard */ = {
			isa = PBXVariantGroup;
			children = (
				A7F10D4620C75DE100687F6F /* Base */,
			);
			name = Settings.storyboard;
			sourceTree = "<group>";
		};
/* End PBXVariantGroup section */

/* Begin XCBuildConfiguration section */
		A75B464920C9E802002C2B6C /* Debug */ = {
			isa = XCBuildConfiguration;
			buildSettings = {
				BUNDLE_LOADER = "$(TEST_HOST)";
				CODE_SIGN_STYLE = Automatic;
				DEVELOPMENT_TEAM = B6M4H2TQY8;
				INFOPLIST_FILE = GasolineTests/Info.plist;
				IPHONEOS_DEPLOYMENT_TARGET = 11.4;
				LD_RUNPATH_SEARCH_PATHS = (
					"$(inherited)",
					"@executable_path/Frameworks",
					"@loader_path/Frameworks",
				);
				PRODUCT_BUNDLE_IDENTIFIER = br.com.wagnersales.GasolineTests;
				PRODUCT_NAME = "$(TARGET_NAME)";
				SWIFT_VERSION = 4.0;
				TARGETED_DEVICE_FAMILY = "1,2";
				TEST_HOST = "$(BUILT_PRODUCTS_DIR)/Gasoline.app/Gasoline";
			};
			name = Debug;
		};
		A75B464A20C9E802002C2B6C /* Release */ = {
			isa = XCBuildConfiguration;
			buildSettings = {
				BUNDLE_LOADER = "$(TEST_HOST)";
				CODE_SIGN_STYLE = Automatic;
				DEVELOPMENT_TEAM = B6M4H2TQY8;
				INFOPLIST_FILE = GasolineTests/Info.plist;
				IPHONEOS_DEPLOYMENT_TARGET = 11.4;
				LD_RUNPATH_SEARCH_PATHS = (
					"$(inherited)",
					"@executable_path/Frameworks",
					"@loader_path/Frameworks",
				);
				PRODUCT_BUNDLE_IDENTIFIER = br.com.wagnersales.GasolineTests;
				PRODUCT_NAME = "$(TARGET_NAME)";
				SWIFT_VERSION = 4.0;
				TARGETED_DEVICE_FAMILY = "1,2";
				TEST_HOST = "$(BUILT_PRODUCTS_DIR)/Gasoline.app/Gasoline";
			};
			name = Release;
		};
		A75D861620C756E00086FF4A /* Debug */ = {
			isa = XCBuildConfiguration;
			buildSettings = {
				ALWAYS_SEARCH_USER_PATHS = NO;
				CLANG_ANALYZER_NONNULL = YES;
				CLANG_ANALYZER_NUMBER_OBJECT_CONVERSION = YES_AGGRESSIVE;
				CLANG_CXX_LANGUAGE_STANDARD = "gnu++14";
				CLANG_CXX_LIBRARY = "libc++";
				CLANG_ENABLE_MODULES = YES;
				CLANG_ENABLE_OBJC_ARC = YES;
				CLANG_ENABLE_OBJC_WEAK = YES;
				CLANG_WARN_BLOCK_CAPTURE_AUTORELEASING = YES;
				CLANG_WARN_BOOL_CONVERSION = YES;
				CLANG_WARN_COMMA = YES;
				CLANG_WARN_CONSTANT_CONVERSION = YES;
				CLANG_WARN_DEPRECATED_OBJC_IMPLEMENTATIONS = YES;
				CLANG_WARN_DIRECT_OBJC_ISA_USAGE = YES_ERROR;
				CLANG_WARN_DOCUMENTATION_COMMENTS = YES;
				CLANG_WARN_EMPTY_BODY = YES;
				CLANG_WARN_ENUM_CONVERSION = YES;
				CLANG_WARN_INFINITE_RECURSION = YES;
				CLANG_WARN_INT_CONVERSION = YES;
				CLANG_WARN_NON_LITERAL_NULL_CONVERSION = YES;
				CLANG_WARN_OBJC_IMPLICIT_RETAIN_SELF = YES;
				CLANG_WARN_OBJC_LITERAL_CONVERSION = YES;
				CLANG_WARN_OBJC_ROOT_CLASS = YES_ERROR;
				CLANG_WARN_RANGE_LOOP_ANALYSIS = YES;
				CLANG_WARN_STRICT_PROTOTYPES = YES;
				CLANG_WARN_SUSPICIOUS_MOVE = YES;
				CLANG_WARN_UNGUARDED_AVAILABILITY = YES_AGGRESSIVE;
				CLANG_WARN_UNREACHABLE_CODE = YES;
				CLANG_WARN__DUPLICATE_METHOD_MATCH = YES;
				CODE_SIGN_IDENTITY = "iPhone Developer";
				COPY_PHASE_STRIP = NO;
				DEBUG_INFORMATION_FORMAT = dwarf;
				ENABLE_STRICT_OBJC_MSGSEND = YES;
				ENABLE_TESTABILITY = YES;
				GCC_C_LANGUAGE_STANDARD = gnu11;
				GCC_DYNAMIC_NO_PIC = NO;
				GCC_NO_COMMON_BLOCKS = YES;
				GCC_OPTIMIZATION_LEVEL = 0;
				GCC_PREPROCESSOR_DEFINITIONS = (
					"DEBUG=1",
					"$(inherited)",
				);
				GCC_WARN_64_TO_32_BIT_CONVERSION = YES;
				GCC_WARN_ABOUT_RETURN_TYPE = YES_ERROR;
				GCC_WARN_UNDECLARED_SELECTOR = YES;
				GCC_WARN_UNINITIALIZED_AUTOS = YES_AGGRESSIVE;
				GCC_WARN_UNUSED_FUNCTION = YES;
				GCC_WARN_UNUSED_VARIABLE = YES;
				IPHONEOS_DEPLOYMENT_TARGET = 11.3;
				MTL_ENABLE_DEBUG_INFO = YES;
				ONLY_ACTIVE_ARCH = YES;
				SDKROOT = iphoneos;
				SWIFT_ACTIVE_COMPILATION_CONDITIONS = DEBUG;
				SWIFT_OPTIMIZATION_LEVEL = "-Onone";
			};
			name = Debug;
		};
		A75D861720C756E00086FF4A /* Release */ = {
			isa = XCBuildConfiguration;
			buildSettings = {
				ALWAYS_SEARCH_USER_PATHS = NO;
				CLANG_ANALYZER_NONNULL = YES;
				CLANG_ANALYZER_NUMBER_OBJECT_CONVERSION = YES_AGGRESSIVE;
				CLANG_CXX_LANGUAGE_STANDARD = "gnu++14";
				CLANG_CXX_LIBRARY = "libc++";
				CLANG_ENABLE_MODULES = YES;
				CLANG_ENABLE_OBJC_ARC = YES;
				CLANG_ENABLE_OBJC_WEAK = YES;
				CLANG_WARN_BLOCK_CAPTURE_AUTORELEASING = YES;
				CLANG_WARN_BOOL_CONVERSION = YES;
				CLANG_WARN_COMMA = YES;
				CLANG_WARN_CONSTANT_CONVERSION = YES;
				CLANG_WARN_DEPRECATED_OBJC_IMPLEMENTATIONS = YES;
				CLANG_WARN_DIRECT_OBJC_ISA_USAGE = YES_ERROR;
				CLANG_WARN_DOCUMENTATION_COMMENTS = YES;
				CLANG_WARN_EMPTY_BODY = YES;
				CLANG_WARN_ENUM_CONVERSION = YES;
				CLANG_WARN_INFINITE_RECURSION = YES;
				CLANG_WARN_INT_CONVERSION = YES;
				CLANG_WARN_NON_LITERAL_NULL_CONVERSION = YES;
				CLANG_WARN_OBJC_IMPLICIT_RETAIN_SELF = YES;
				CLANG_WARN_OBJC_LITERAL_CONVERSION = YES;
				CLANG_WARN_OBJC_ROOT_CLASS = YES_ERROR;
				CLANG_WARN_RANGE_LOOP_ANALYSIS = YES;
				CLANG_WARN_STRICT_PROTOTYPES = YES;
				CLANG_WARN_SUSPICIOUS_MOVE = YES;
				CLANG_WARN_UNGUARDED_AVAILABILITY = YES_AGGRESSIVE;
				CLANG_WARN_UNREACHABLE_CODE = YES;
				CLANG_WARN__DUPLICATE_METHOD_MATCH = YES;
				CODE_SIGN_IDENTITY = "iPhone Developer";
				COPY_PHASE_STRIP = NO;
				DEBUG_INFORMATION_FORMAT = "dwarf-with-dsym";
				ENABLE_NS_ASSERTIONS = NO;
				ENABLE_STRICT_OBJC_MSGSEND = YES;
				GCC_C_LANGUAGE_STANDARD = gnu11;
				GCC_NO_COMMON_BLOCKS = YES;
				GCC_WARN_64_TO_32_BIT_CONVERSION = YES;
				GCC_WARN_ABOUT_RETURN_TYPE = YES_ERROR;
				GCC_WARN_UNDECLARED_SELECTOR = YES;
				GCC_WARN_UNINITIALIZED_AUTOS = YES_AGGRESSIVE;
				GCC_WARN_UNUSED_FUNCTION = YES;
				GCC_WARN_UNUSED_VARIABLE = YES;
				IPHONEOS_DEPLOYMENT_TARGET = 11.3;
				MTL_ENABLE_DEBUG_INFO = NO;
				SDKROOT = iphoneos;
				SWIFT_COMPILATION_MODE = wholemodule;
				SWIFT_OPTIMIZATION_LEVEL = "-O";
				VALIDATE_PRODUCT = YES;
			};
			name = Release;
		};
		A75D861920C756E00086FF4A /* Debug */ = {
			isa = XCBuildConfiguration;
			baseConfigurationReference = AB12B7E2D9EFA92EBE9A46EA /* Pods-Gasoline.debug.xcconfig */;
			buildSettings = {
				ASSETCATALOG_COMPILER_APPICON_NAME = AppIcon;
				CODE_SIGN_STYLE = Automatic;
				DEBUG_INFORMATION_FORMAT = "dwarf-with-dsym";
				DEVELOPMENT_TEAM = 5J5VQMB8P2;
				INFOPLIST_FILE = "$(SRCROOT)/Gasoline/Resources/Supporting Files/Info.plist";
				LD_RUNPATH_SEARCH_PATHS = (
					"$(inherited)",
					"@executable_path/Frameworks",
				);
				PRODUCT_BUNDLE_IDENTIFIER = br.com.wagnersales.gasoline;
				PRODUCT_NAME = "$(TARGET_NAME)";
				SWIFT_VERSION = 4.0;
				TARGETED_DEVICE_FAMILY = 1;
			};
			name = Debug;
		};
		A75D861A20C756E00086FF4A /* Release */ = {
			isa = XCBuildConfiguration;
			baseConfigurationReference = 34DEB3C803EF939C5596589F /* Pods-Gasoline.release.xcconfig */;
			buildSettings = {
				ASSETCATALOG_COMPILER_APPICON_NAME = AppIcon;
				CODE_SIGN_STYLE = Automatic;
				DEVELOPMENT_TEAM = 5J5VQMB8P2;
				INFOPLIST_FILE = "$(SRCROOT)/Gasoline/Resources/Supporting Files/Info.plist";
				LD_RUNPATH_SEARCH_PATHS = (
					"$(inherited)",
					"@executable_path/Frameworks",
				);
				PRODUCT_BUNDLE_IDENTIFIER = br.com.wagnersales.gasoline;
				PRODUCT_NAME = "$(TARGET_NAME)";
				SWIFT_VERSION = 4.0;
				TARGETED_DEVICE_FAMILY = 1;
			};
			name = Release;
		};
/* End XCBuildConfiguration section */

/* Begin XCConfigurationList section */
		A75B464820C9E802002C2B6C /* Build configuration list for PBXNativeTarget "GasolineTests" */ = {
			isa = XCConfigurationList;
			buildConfigurations = (
				A75B464920C9E802002C2B6C /* Debug */,
				A75B464A20C9E802002C2B6C /* Release */,
			);
			defaultConfigurationIsVisible = 0;
			defaultConfigurationName = Release;
		};
		A75D860120C756DF0086FF4A /* Build configuration list for PBXProject "Gasoline" */ = {
			isa = XCConfigurationList;
			buildConfigurations = (
				A75D861620C756E00086FF4A /* Debug */,
				A75D861720C756E00086FF4A /* Release */,
			);
			defaultConfigurationIsVisible = 0;
			defaultConfigurationName = Release;
		};
		A75D861820C756E00086FF4A /* Build configuration list for PBXNativeTarget "Gasoline" */ = {
			isa = XCConfigurationList;
			buildConfigurations = (
				A75D861920C756E00086FF4A /* Debug */,
				A75D861A20C756E00086FF4A /* Release */,
			);
			defaultConfigurationIsVisible = 0;
			defaultConfigurationName = Release;
		};
/* End XCConfigurationList section */
	};
	rootObject = A75D85FE20C756DF0086FF4A /* Project object */;
}
